
Microsoft Visual Studio Solution File, Format Version 12.00
# Visual Studio 14
VisualStudioVersion = 14.0.25420.1
MinimumVisualStudioVersion = 10.0.40219.1
Project("{8BC9CEB8-8B4A-11D0-8D11-00A0C91BC942}") = "Variables", "YesVariables\YesVariables.vcxproj", "{0994AE85-4E17-4CA0-A77E-1483F3E024E9}"
EndProject
Project("{8BC9CEB8-8B4A-11D0-8D11-00A0C91BC942}") = "VariableSwap", "YEs\YEs.vcxproj", "{3561AD84-77CB-43D0-BA93-E262736319BC}"
EndProject
Project("{8BC9CEB8-8B4A-11D0-8D11-00A0C91BC942}") = "Average", "Average\Average.vcxproj", "{67F9C29B-5D2A-4ED5-A9BD-BB68AAFF2F86}"
EndProject
Project("{8BC9CEB8-8B4A-11D0-8D11-00A0C91BC942}") = "LetterAlphabet", "LetterAlphabet\LetterAlphabet.vcxproj", "{4CFBB8F2-3B2D-4498-922C-E73DA5A8536D}"
EndProject
Project("{8BC9CEB8-8B4A-11D0-8D11-00A0C91BC942}") = "ConditionalStatements", "Conditional Statements\Conditional Statements.vcxproj", "{E89B957C-9AA0-4A16-B784-DAC8A94F9143}"
EndProject
Project("{8BC9CEB8-8B4A-11D0-8D11-00A0C91BC942}") = "LargerNumber", "LargerNumber\LargerNumber.vcxproj", "{2618466F-5740-4419-BE84-E94169AD4F70}"
EndProject
Project("{8BC9CEB8-8B4A-11D0-8D11-00A0C91BC942}") = "AscendingOrderSum", "AscendingOrderSum\AscendingOrderSum.vcxproj", "{49203F22-5440-402D-A77D-B02602EF0EC8}"
EndProject
Project("{8BC9CEB8-8B4A-11D0-8D11-00A0C91BC942}") = "SwitchConvert", "SwitchConvert\SwitchConvert.vcxproj", "{1E002BAF-0DFA-463A-9050-D64B8FCE3A9A}"
EndProject
Project("{8BC9CEB8-8B4A-11D0-8D11-00A0C91BC942}") = "MiniCalc", "MiniCalc\MiniCalc.vcxproj", "{F34E4BD1-A18F-436D-A22F-703DFE1B2DDF}"
EndProject
Project("{8BC9CEB8-8B4A-11D0-8D11-00A0C91BC942}") = "MonthOfYear", "MonthOfYear\MonthOfYear.vcxproj", "{7F408F78-0DE3-4957-BD82-967DCBF43AD2}"
EndProject
Project("{8BC9CEB8-8B4A-11D0-8D11-00A0C91BC942}") = "ForLoop", "ForLoop\ForLoop.vcxproj", "{201A5678-49C9-44D7-B361-7FD284C8F1DF}"
EndProject
Project("{8BC9CEB8-8B4A-11D0-8D11-00A0C91BC942}") = "LoopsNumberMultiples", "LoopsNumberMultiples\LoopsNumberMultiples.vcxproj", "{3A5295CB-2E74-4AF4-B9CB-53A3E6D77FBA}"
EndProject
Project("{8BC9CEB8-8B4A-11D0-8D11-00A0C91BC942}") = "MutiplesOfThree", "MutiplesOfThree\MutiplesOfThree.vcxproj", "{D9814A2B-FD4D-417A-9E38-7FB3EBFBC39E}"
EndProject
Global
	GlobalSection(SolutionConfigurationPlatforms) = preSolution
		Debug|x64 = Debug|x64
		Debug|x86 = Debug|x86
		Release|x64 = Release|x64
		Release|x86 = Release|x86
	EndGlobalSection
	GlobalSection(ProjectConfigurationPlatforms) = postSolution
		{0994AE85-4E17-4CA0-A77E-1483F3E024E9}.Debug|x64.ActiveCfg = Debug|x64
		{0994AE85-4E17-4CA0-A77E-1483F3E024E9}.Debug|x64.Build.0 = Debug|x64
		{0994AE85-4E17-4CA0-A77E-1483F3E024E9}.Debug|x86.ActiveCfg = Debug|Win32
		{0994AE85-4E17-4CA0-A77E-1483F3E024E9}.Debug|x86.Build.0 = Debug|Win32
		{0994AE85-4E17-4CA0-A77E-1483F3E024E9}.Release|x64.ActiveCfg = Release|x64
		{0994AE85-4E17-4CA0-A77E-1483F3E024E9}.Release|x64.Build.0 = Release|x64
		{0994AE85-4E17-4CA0-A77E-1483F3E024E9}.Release|x86.ActiveCfg = Release|Win32
		{0994AE85-4E17-4CA0-A77E-1483F3E024E9}.Release|x86.Build.0 = Release|Win32
		{3561AD84-77CB-43D0-BA93-E262736319BC}.Debug|x64.ActiveCfg = Debug|x64
		{3561AD84-77CB-43D0-BA93-E262736319BC}.Debug|x64.Build.0 = Debug|x64
		{3561AD84-77CB-43D0-BA93-E262736319BC}.Debug|x86.ActiveCfg = Debug|Win32
		{3561AD84-77CB-43D0-BA93-E262736319BC}.Debug|x86.Build.0 = Debug|Win32
		{3561AD84-77CB-43D0-BA93-E262736319BC}.Release|x64.ActiveCfg = Release|x64
		{3561AD84-77CB-43D0-BA93-E262736319BC}.Release|x64.Build.0 = Release|x64
		{3561AD84-77CB-43D0-BA93-E262736319BC}.Release|x86.ActiveCfg = Release|Win32
		{3561AD84-77CB-43D0-BA93-E262736319BC}.Release|x86.Build.0 = Release|Win32
		{67F9C29B-5D2A-4ED5-A9BD-BB68AAFF2F86}.Debug|x64.ActiveCfg = Debug|x64
		{67F9C29B-5D2A-4ED5-A9BD-BB68AAFF2F86}.Debug|x64.Build.0 = Debug|x64
		{67F9C29B-5D2A-4ED5-A9BD-BB68AAFF2F86}.Debug|x86.ActiveCfg = Debug|Win32
		{67F9C29B-5D2A-4ED5-A9BD-BB68AAFF2F86}.Debug|x86.Build.0 = Debug|Win32
		{67F9C29B-5D2A-4ED5-A9BD-BB68AAFF2F86}.Release|x64.ActiveCfg = Release|x64
		{67F9C29B-5D2A-4ED5-A9BD-BB68AAFF2F86}.Release|x64.Build.0 = Release|x64
		{67F9C29B-5D2A-4ED5-A9BD-BB68AAFF2F86}.Release|x86.ActiveCfg = Release|Win32
		{67F9C29B-5D2A-4ED5-A9BD-BB68AAFF2F86}.Release|x86.Build.0 = Release|Win32
		{4CFBB8F2-3B2D-4498-922C-E73DA5A8536D}.Debug|x64.ActiveCfg = Debug|x64
		{4CFBB8F2-3B2D-4498-922C-E73DA5A8536D}.Debug|x64.Build.0 = Debug|x64
		{4CFBB8F2-3B2D-4498-922C-E73DA5A8536D}.Debug|x86.ActiveCfg = Debug|Win32
		{4CFBB8F2-3B2D-4498-922C-E73DA5A8536D}.Debug|x86.Build.0 = Debug|Win32
		{4CFBB8F2-3B2D-4498-922C-E73DA5A8536D}.Release|x64.ActiveCfg = Release|x64
		{4CFBB8F2-3B2D-4498-922C-E73DA5A8536D}.Release|x64.Build.0 = Release|x64
		{4CFBB8F2-3B2D-4498-922C-E73DA5A8536D}.Release|x86.ActiveCfg = Release|Win32
		{4CFBB8F2-3B2D-4498-922C-E73DA5A8536D}.Release|x86.Build.0 = Release|Win32
		{E89B957C-9AA0-4A16-B784-DAC8A94F9143}.Debug|x64.ActiveCfg = Debug|x64
		{E89B957C-9AA0-4A16-B784-DAC8A94F9143}.Debug|x64.Build.0 = Debug|x64
		{E89B957C-9AA0-4A16-B784-DAC8A94F9143}.Debug|x86.ActiveCfg = Debug|Win32
		{E89B957C-9AA0-4A16-B784-DAC8A94F9143}.Debug|x86.Build.0 = Debug|Win32
		{E89B957C-9AA0-4A16-B784-DAC8A94F9143}.Release|x64.ActiveCfg = Release|x64
		{E89B957C-9AA0-4A16-B784-DAC8A94F9143}.Release|x64.Build.0 = Release|x64
		{E89B957C-9AA0-4A16-B784-DAC8A94F9143}.Release|x86.ActiveCfg = Release|Win32
		{E89B957C-9AA0-4A16-B784-DAC8A94F9143}.Release|x86.Build.0 = Release|Win32
		{2618466F-5740-4419-BE84-E94169AD4F70}.Debug|x64.ActiveCfg = Debug|x64
		{2618466F-5740-4419-BE84-E94169AD4F70}.Debug|x64.Build.0 = Debug|x64
		{2618466F-5740-4419-BE84-E94169AD4F70}.Debug|x86.ActiveCfg = Debug|Win32
		{2618466F-5740-4419-BE84-E94169AD4F70}.Debug|x86.Build.0 = Debug|Win32
		{2618466F-5740-4419-BE84-E94169AD4F70}.Release|x64.ActiveCfg = Release|x64
		{2618466F-5740-4419-BE84-E94169AD4F70}.Release|x64.Build.0 = Release|x64
		{2618466F-5740-4419-BE84-E94169AD4F70}.Release|x86.ActiveCfg = Release|Win32
		{2618466F-5740-4419-BE84-E94169AD4F70}.Release|x86.Build.0 = Release|Win32
		{49203F22-5440-402D-A77D-B02602EF0EC8}.Debug|x64.ActiveCfg = Debug|x64
		{49203F22-5440-402D-A77D-B02602EF0EC8}.Debug|x64.Build.0 = Debug|x64
		{49203F22-5440-402D-A77D-B02602EF0EC8}.Debug|x86.ActiveCfg = Debug|Win32
		{49203F22-5440-402D-A77D-B02602EF0EC8}.Debug|x86.Build.0 = Debug|Win32
		{49203F22-5440-402D-A77D-B02602EF0EC8}.Release|x64.ActiveCfg = Release|x64
		{49203F22-5440-402D-A77D-B02602EF0EC8}.Release|x64.Build.0 = Release|x64
		{49203F22-5440-402D-A77D-B02602EF0EC8}.Release|x86.ActiveCfg = Release|Win32
		{49203F22-5440-402D-A77D-B02602EF0EC8}.Release|x86.Build.0 = Release|Win32
		{1E002BAF-0DFA-463A-9050-D64B8FCE3A9A}.Debug|x64.ActiveCfg = Debug|x64
		{1E002BAF-0DFA-463A-9050-D64B8FCE3A9A}.Debug|x64.Build.0 = Debug|x64
		{1E002BAF-0DFA-463A-9050-D64B8FCE3A9A}.Debug|x86.ActiveCfg = Debug|Win32
		{1E002BAF-0DFA-463A-9050-D64B8FCE3A9A}.Debug|x86.Build.0 = Debug|Win32
		{1E002BAF-0DFA-463A-9050-D64B8FCE3A9A}.Release|x64.ActiveCfg = Release|x64
		{1E002BAF-0DFA-463A-9050-D64B8FCE3A9A}.Release|x64.Build.0 = Release|x64
		{1E002BAF-0DFA-463A-9050-D64B8FCE3A9A}.Release|x86.ActiveCfg = Release|Win32
		{1E002BAF-0DFA-463A-9050-D64B8FCE3A9A}.Release|x86.Build.0 = Release|Win32
		{F34E4BD1-A18F-436D-A22F-703DFE1B2DDF}.Debug|x64.ActiveCfg = Debug|x64
		{F34E4BD1-A18F-436D-A22F-703DFE1B2DDF}.Debug|x64.Build.0 = Debug|x64
		{F34E4BD1-A18F-436D-A22F-703DFE1B2DDF}.Debug|x86.ActiveCfg = Debug|Win32
		{F34E4BD1-A18F-436D-A22F-703DFE1B2DDF}.Debug|x86.Build.0 = Debug|Win32
		{F34E4BD1-A18F-436D-A22F-703DFE1B2DDF}.Release|x64.ActiveCfg = Release|x64
		{F34E4BD1-A18F-436D-A22F-703DFE1B2DDF}.Release|x64.Build.0 = Release|x64
		{F34E4BD1-A18F-436D-A22F-703DFE1B2DDF}.Release|x86.ActiveCfg = Release|Win32
		{F34E4BD1-A18F-436D-A22F-703DFE1B2DDF}.Release|x86.Build.0 = Release|Win32
		{7F408F78-0DE3-4957-BD82-967DCBF43AD2}.Debug|x64.ActiveCfg = Debug|x64
		{7F408F78-0DE3-4957-BD82-967DCBF43AD2}.Debug|x64.Build.0 = Debug|x64
		{7F408F78-0DE3-4957-BD82-967DCBF43AD2}.Debug|x86.ActiveCfg = Debug|Win32
		{7F408F78-0DE3-4957-BD82-967DCBF43AD2}.Debug|x86.Build.0 = Debug|Win32
		{7F408F78-0DE3-4957-BD82-967DCBF43AD2}.Release|x64.ActiveCfg = Release|x64
		{7F408F78-0DE3-4957-BD82-967DCBF43AD2}.Release|x64.Build.0 = Release|x64
		{7F408F78-0DE3-4957-BD82-967DCBF43AD2}.Release|x86.ActiveCfg = Release|Win32
		{7F408F78-0DE3-4957-BD82-967DCBF43AD2}.Release|x86.Build.0 = Release|Win32
		{201A5678-49C9-44D7-B361-7FD284C8F1DF}.Debug|x64.ActiveCfg = Debug|x64
		{201A5678-49C9-44D7-B361-7FD284C8F1DF}.Debug|x64.Build.0 = Debug|x64
		{201A5678-49C9-44D7-B361-7FD284C8F1DF}.Debug|x86.ActiveCfg = Debug|Win32
		{201A5678-49C9-44D7-B361-7FD284C8F1DF}.Debug|x86.Build.0 = Debug|Win32
		{201A5678-49C9-44D7-B361-7FD284C8F1DF}.Release|x64.ActiveCfg = Release|x64
		{201A5678-49C9-44D7-B361-7FD284C8F1DF}.Release|x64.Build.0 = Release|x64
		{201A5678-49C9-44D7-B361-7FD284C8F1DF}.Release|x86.ActiveCfg = Release|Win32
		{201A5678-49C9-44D7-B361-7FD284C8F1DF}.Release|x86.Build.0 = Release|Win32
		{3A5295CB-2E74-4AF4-B9CB-53A3E6D77FBA}.Debug|x64.ActiveCfg = Debug|x64
		{3A5295CB-2E74-4AF4-B9CB-53A3E6D77FBA}.Debug|x64.Build.0 = Debug|x64
		{3A5295CB-2E74-4AF4-B9CB-53A3E6D77FBA}.Debug|x86.ActiveCfg = Debug|Win32
		{3A5295CB-2E74-4AF4-B9CB-53A3E6D77FBA}.Debug|x86.Build.0 = Debug|Win32
		{3A5295CB-2E74-4AF4-B9CB-53A3E6D77FBA}.Release|x64.ActiveCfg = Release|x64
		{3A5295CB-2E74-4AF4-B9CB-53A3E6D77FBA}.Release|x64.Build.0 = Release|x64
		{3A5295CB-2E74-4AF4-B9CB-53A3E6D77FBA}.Release|x86.ActiveCfg = Release|Win32
		{3A5295CB-2E74-4AF4-B9CB-53A3E6D77FBA}.Release|x86.Build.0 = Release|Win32
		{D9814A2B-FD4D-417A-9E38-7FB3EBFBC39E}.Debug|x64.ActiveCfg = Debug|x64
		{D9814A2B-FD4D-417A-9E38-7FB3EBFBC39E}.Debug|x64.Build.0 = Debug|x64
		{D9814A2B-FD4D-417A-9E38-7FB3EBFBC39E}.Debug|x86.ActiveCfg = Debug|Win32
		{D9814A2B-FD4D-417A-9E38-7FB3EBFBC39E}.Debug|x86.Build.0 = Debug|Win32
		{D9814A2B-FD4D-417A-9E38-7FB3EBFBC39E}.Release|x64.ActiveCfg = Release|x64
		{D9814A2B-FD4D-417A-9E38-7FB3EBFBC39E}.Release|x64.Build.0 = Release|x64
		{D9814A2B-FD4D-417A-9E38-7FB3EBFBC39E}.Release|x86.ActiveCfg = Release|Win32
		{D9814A2B-FD4D-417A-9E38-7FB3EBFBC39E}.Release|x86.Build.0 = Release|Win32
	EndGlobalSection
	GlobalSection(SolutionProperties) = preSolution
		HideSolutionNode = FALSE
	EndGlobalSection
EndGlobal
