
Microsoft Visual Studio Solution File, Format Version 12.00
# Visual Studio 14
VisualStudioVersion = 14.0.25420.1
MinimumVisualStudioVersion = 10.0.40219.1
Project("{8BC9CEB8-8B4A-11D0-8D11-00A0C91BC942}") = "Variables", "YesVariables\YesVariables.vcxproj", "{0994AE85-4E17-4CA0-A77E-1483F3E024E9}"
EndProject
Project("{8BC9CEB8-8B4A-11D0-8D11-00A0C91BC942}") = "VariableSwap", "YEs\YEs.vcxproj", "{3561AD84-77CB-43D0-BA93-E262736319BC}"
EndProject
Project("{8BC9CEB8-8B4A-11D0-8D11-00A0C91BC942}") = "Average", "Average\Average.vcxproj", "{67F9C29B-5D2A-4ED5-A9BD-BB68AAFF2F86}"
EndProject
Project("{8BC9CEB8-8B4A-11D0-8D11-00A0C91BC942}") = "LetterAlphabet", "LetterAlphabet\LetterAlphabet.vcxproj", "{4CFBB8F2-3B2D-4498-922C-E73DA5A8536D}"
EndProject
Project("{8BC9CEB8-8B4A-11D0-8D11-00A0C91BC942}") = "ConditionalStatements", "Conditional Statements\Conditional Statements.vcxproj", "{E89B957C-9AA0-4A16-B784-DAC8A94F9143}"
EndProject
Project("{8BC9CEB8-8B4A-11D0-8D11-00A0C91BC942}") = "LargerNumber", "LargerNumber\LargerNumber.vcxproj", "{2618466F-5740-4419-BE84-E94169AD4F70}"
EndProject
Project("{8BC9CEB8-8B4A-11D0-8D11-00A0C91BC942}") = "AscendingOrderSum", "AscendingOrderSum\AscendingOrderSum.vcxproj", "{49203F22-5440-402D-A77D-B02602EF0EC8}"
EndProject
Project("{8BC9CEB8-8B4A-11D0-8D11-00A0C91BC942}") = "SwitchConvert", "SwitchConvert\SwitchConvert.vcxproj", "{1E002BAF-0DFA-463A-9050-D64B8FCE3A9A}"
EndProject
Project("{8BC9CEB8-8B4A-11D0-8D11-00A0C91BC942}") = "MiniCalc", "MiniCalc\MiniCalc.vcxproj", "{F34E4BD1-A18F-436D-A22F-703DFE1B2DDF}"
EndProject
Project("{8BC9CEB8-8B4A-11D0-8D11-00A0C91BC942}") = "MonthOfYear", "MonthOfYear\MonthOfYear.vcxproj", "{7F408F78-0DE3-4957-BD82-967DCBF43AD2}"
EndProject
Project("{8BC9CEB8-8B4A-11D0-8D11-00A0C91BC942}") = "ForLoop", "ForLoop\ForLoop.vcxproj", "{201A5678-49C9-44D7-B361-7FD284C8F1DF}"
EndProject
Project("{8BC9CEB8-8B4A-11D0-8D11-00A0C91BC942}") = "LoopsNumberMultiples", "LoopsNumberMultiples\LoopsNumberMultiples.vcxproj", "{3A5295CB-2E74-4AF4-B9CB-53A3E6D77FBA}"
EndProject
Project("{8BC9CEB8-8B4A-11D0-8D11-00A0C91BC942}") = "MutiplesOfThree", "MutiplesOfThree\MutiplesOfThree.vcxproj", "{D9814A2B-FD4D-417A-9E38-7FB3EBFBC39E}"
EndProject
Project("{8BC9CEB8-8B4A-11D0-8D11-00A0C91BC942}") = "Arrays", "Array's\Array's.vcxproj", "{4E67FAF9-FFF3-4E58-8EE8-A1BE2ECC4AFE}"
EndProject
Project("{8BC9CEB8-8B4A-11D0-8D11-00A0C91BC942}") = "Arrays2", "Arrays2\Arrays2.vcxproj", "{47D6A4DC-FA87-47CC-B92C-034E7DDD63A8}"
EndProject
Project("{8BC9CEB8-8B4A-11D0-8D11-00A0C91BC942}") = "Arrays3", "Arrays3\Arrays3.vcxproj", "{434DFFFA-4C5F-4D06-94B8-BB8D54D3A434}"
EndProject
Project("{8BC9CEB8-8B4A-11D0-8D11-00A0C91BC942}") = "FizzBuzz", "FizzBuzz\FizzBuzz.vcxproj", "{E3F9951F-2B97-4EA5-9244-10B75F45AAD4}"
EndProject
Project("{8BC9CEB8-8B4A-11D0-8D11-00A0C91BC942}") = "Collatz", "Collatz\Collatz.vcxproj", "{31708EE5-968C-4886-8D7B-975AE47E2EFF}"
EndProject
Project("{8BC9CEB8-8B4A-11D0-8D11-00A0C91BC942}") = "FunctionsExercises", "FunctionsExercises\FunctionsExercises.vcxproj", "{6A9D7A84-BF1A-423C-943E-D4DE24236521}"
EndProject
Project("{8BC9CEB8-8B4A-11D0-8D11-00A0C91BC942}") = "Structs", "Structs\Structs.vcxproj", "{9260A62B-95FD-40E1-9EBB-432BA6BA605C}"
EndProject
Project("{8BC9CEB8-8B4A-11D0-8D11-00A0C91BC942}") = "Pointers", "Pointers\Pointers.vcxproj", "{C0BF148D-31AA-485E-996E-3C6D0E8C5BFC}"
EndProject
Project("{8BC9CEB8-8B4A-11D0-8D11-00A0C91BC942}") = "Zombies", "Zombies\Zombies.vcxproj", "{51076713-A340-4638-9574-853661007E71}"
EndProject
Global
	GlobalSection(SolutionConfigurationPlatforms) = preSolution
		Debug|Any CPU = Debug|Any CPU
		Debug|x64 = Debug|x64
		Debug|x86 = Debug|x86
		Release|Any CPU = Release|Any CPU
		Release|x64 = Release|x64
		Release|x86 = Release|x86
	EndGlobalSection
	GlobalSection(ProjectConfigurationPlatforms) = postSolution
		{0994AE85-4E17-4CA0-A77E-1483F3E024E9}.Debug|Any CPU.ActiveCfg = Debug|Win32
		{0994AE85-4E17-4CA0-A77E-1483F3E024E9}.Debug|x64.ActiveCfg = Debug|x64
		{0994AE85-4E17-4CA0-A77E-1483F3E024E9}.Debug|x64.Build.0 = Debug|x64
		{0994AE85-4E17-4CA0-A77E-1483F3E024E9}.Debug|x86.ActiveCfg = Debug|Win32
		{0994AE85-4E17-4CA0-A77E-1483F3E024E9}.Debug|x86.Build.0 = Debug|Win32
		{0994AE85-4E17-4CA0-A77E-1483F3E024E9}.Release|Any CPU.ActiveCfg = Release|Win32
		{0994AE85-4E17-4CA0-A77E-1483F3E024E9}.Release|x64.ActiveCfg = Release|x64
		{0994AE85-4E17-4CA0-A77E-1483F3E024E9}.Release|x64.Build.0 = Release|x64
		{0994AE85-4E17-4CA0-A77E-1483F3E024E9}.Release|x86.ActiveCfg = Release|Win32
		{0994AE85-4E17-4CA0-A77E-1483F3E024E9}.Release|x86.Build.0 = Release|Win32
		{3561AD84-77CB-43D0-BA93-E262736319BC}.Debug|Any CPU.ActiveCfg = Debug|Win32
		{3561AD84-77CB-43D0-BA93-E262736319BC}.Debug|x64.ActiveCfg = Debug|x64
		{3561AD84-77CB-43D0-BA93-E262736319BC}.Debug|x64.Build.0 = Debug|x64
		{3561AD84-77CB-43D0-BA93-E262736319BC}.Debug|x86.ActiveCfg = Debug|Win32
		{3561AD84-77CB-43D0-BA93-E262736319BC}.Debug|x86.Build.0 = Debug|Win32
		{3561AD84-77CB-43D0-BA93-E262736319BC}.Release|Any CPU.ActiveCfg = Release|Win32
		{3561AD84-77CB-43D0-BA93-E262736319BC}.Release|x64.ActiveCfg = Release|x64
		{3561AD84-77CB-43D0-BA93-E262736319BC}.Release|x64.Build.0 = Release|x64
		{3561AD84-77CB-43D0-BA93-E262736319BC}.Release|x86.ActiveCfg = Release|Win32
		{3561AD84-77CB-43D0-BA93-E262736319BC}.Release|x86.Build.0 = Release|Win32
		{67F9C29B-5D2A-4ED5-A9BD-BB68AAFF2F86}.Debug|Any CPU.ActiveCfg = Debug|Win32
		{67F9C29B-5D2A-4ED5-A9BD-BB68AAFF2F86}.Debug|x64.ActiveCfg = Debug|x64
		{67F9C29B-5D2A-4ED5-A9BD-BB68AAFF2F86}.Debug|x64.Build.0 = Debug|x64
		{67F9C29B-5D2A-4ED5-A9BD-BB68AAFF2F86}.Debug|x86.ActiveCfg = Debug|Win32
		{67F9C29B-5D2A-4ED5-A9BD-BB68AAFF2F86}.Debug|x86.Build.0 = Debug|Win32
		{67F9C29B-5D2A-4ED5-A9BD-BB68AAFF2F86}.Release|Any CPU.ActiveCfg = Release|Win32
		{67F9C29B-5D2A-4ED5-A9BD-BB68AAFF2F86}.Release|x64.ActiveCfg = Release|x64
		{67F9C29B-5D2A-4ED5-A9BD-BB68AAFF2F86}.Release|x64.Build.0 = Release|x64
		{67F9C29B-5D2A-4ED5-A9BD-BB68AAFF2F86}.Release|x86.ActiveCfg = Release|Win32
		{67F9C29B-5D2A-4ED5-A9BD-BB68AAFF2F86}.Release|x86.Build.0 = Release|Win32
		{4CFBB8F2-3B2D-4498-922C-E73DA5A8536D}.Debug|Any CPU.ActiveCfg = Debug|Win32
		{4CFBB8F2-3B2D-4498-922C-E73DA5A8536D}.Debug|x64.ActiveCfg = Debug|x64
		{4CFBB8F2-3B2D-4498-922C-E73DA5A8536D}.Debug|x64.Build.0 = Debug|x64
		{4CFBB8F2-3B2D-4498-922C-E73DA5A8536D}.Debug|x86.ActiveCfg = Debug|Win32
		{4CFBB8F2-3B2D-4498-922C-E73DA5A8536D}.Debug|x86.Build.0 = Debug|Win32
		{4CFBB8F2-3B2D-4498-922C-E73DA5A8536D}.Release|Any CPU.ActiveCfg = Release|Win32
		{4CFBB8F2-3B2D-4498-922C-E73DA5A8536D}.Release|x64.ActiveCfg = Release|x64
		{4CFBB8F2-3B2D-4498-922C-E73DA5A8536D}.Release|x64.Build.0 = Release|x64
		{4CFBB8F2-3B2D-4498-922C-E73DA5A8536D}.Release|x86.ActiveCfg = Release|Win32
		{4CFBB8F2-3B2D-4498-922C-E73DA5A8536D}.Release|x86.Build.0 = Release|Win32
		{E89B957C-9AA0-4A16-B784-DAC8A94F9143}.Debug|Any CPU.ActiveCfg = Debug|Win32
		{E89B957C-9AA0-4A16-B784-DAC8A94F9143}.Debug|x64.ActiveCfg = Debug|x64
		{E89B957C-9AA0-4A16-B784-DAC8A94F9143}.Debug|x64.Build.0 = Debug|x64
		{E89B957C-9AA0-4A16-B784-DAC8A94F9143}.Debug|x86.ActiveCfg = Debug|Win32
		{E89B957C-9AA0-4A16-B784-DAC8A94F9143}.Debug|x86.Build.0 = Debug|Win32
		{E89B957C-9AA0-4A16-B784-DAC8A94F9143}.Release|Any CPU.ActiveCfg = Release|Win32
		{E89B957C-9AA0-4A16-B784-DAC8A94F9143}.Release|x64.ActiveCfg = Release|x64
		{E89B957C-9AA0-4A16-B784-DAC8A94F9143}.Release|x64.Build.0 = Release|x64
		{E89B957C-9AA0-4A16-B784-DAC8A94F9143}.Release|x86.ActiveCfg = Release|Win32
		{E89B957C-9AA0-4A16-B784-DAC8A94F9143}.Release|x86.Build.0 = Release|Win32
		{2618466F-5740-4419-BE84-E94169AD4F70}.Debug|Any CPU.ActiveCfg = Debug|Win32
		{2618466F-5740-4419-BE84-E94169AD4F70}.Debug|x64.ActiveCfg = Debug|x64
		{2618466F-5740-4419-BE84-E94169AD4F70}.Debug|x64.Build.0 = Debug|x64
		{2618466F-5740-4419-BE84-E94169AD4F70}.Debug|x86.ActiveCfg = Debug|Win32
		{2618466F-5740-4419-BE84-E94169AD4F70}.Debug|x86.Build.0 = Debug|Win32
		{2618466F-5740-4419-BE84-E94169AD4F70}.Release|Any CPU.ActiveCfg = Release|Win32
		{2618466F-5740-4419-BE84-E94169AD4F70}.Release|x64.ActiveCfg = Release|x64
		{2618466F-5740-4419-BE84-E94169AD4F70}.Release|x64.Build.0 = Release|x64
		{2618466F-5740-4419-BE84-E94169AD4F70}.Release|x86.ActiveCfg = Release|Win32
		{2618466F-5740-4419-BE84-E94169AD4F70}.Release|x86.Build.0 = Release|Win32
		{49203F22-5440-402D-A77D-B02602EF0EC8}.Debug|Any CPU.ActiveCfg = Debug|Win32
		{49203F22-5440-402D-A77D-B02602EF0EC8}.Debug|x64.ActiveCfg = Debug|x64
		{49203F22-5440-402D-A77D-B02602EF0EC8}.Debug|x64.Build.0 = Debug|x64
		{49203F22-5440-402D-A77D-B02602EF0EC8}.Debug|x86.ActiveCfg = Debug|Win32
		{49203F22-5440-402D-A77D-B02602EF0EC8}.Debug|x86.Build.0 = Debug|Win32
		{49203F22-5440-402D-A77D-B02602EF0EC8}.Release|Any CPU.ActiveCfg = Release|Win32
		{49203F22-5440-402D-A77D-B02602EF0EC8}.Release|x64.ActiveCfg = Release|x64
		{49203F22-5440-402D-A77D-B02602EF0EC8}.Release|x64.Build.0 = Release|x64
		{49203F22-5440-402D-A77D-B02602EF0EC8}.Release|x86.ActiveCfg = Release|Win32
		{49203F22-5440-402D-A77D-B02602EF0EC8}.Release|x86.Build.0 = Release|Win32
		{1E002BAF-0DFA-463A-9050-D64B8FCE3A9A}.Debug|Any CPU.ActiveCfg = Debug|Win32
		{1E002BAF-0DFA-463A-9050-D64B8FCE3A9A}.Debug|x64.ActiveCfg = Debug|x64
		{1E002BAF-0DFA-463A-9050-D64B8FCE3A9A}.Debug|x64.Build.0 = Debug|x64
		{1E002BAF-0DFA-463A-9050-D64B8FCE3A9A}.Debug|x86.ActiveCfg = Debug|Win32
		{1E002BAF-0DFA-463A-9050-D64B8FCE3A9A}.Debug|x86.Build.0 = Debug|Win32
		{1E002BAF-0DFA-463A-9050-D64B8FCE3A9A}.Release|Any CPU.ActiveCfg = Release|Win32
		{1E002BAF-0DFA-463A-9050-D64B8FCE3A9A}.Release|x64.ActiveCfg = Release|x64
		{1E002BAF-0DFA-463A-9050-D64B8FCE3A9A}.Release|x64.Build.0 = Release|x64
		{1E002BAF-0DFA-463A-9050-D64B8FCE3A9A}.Release|x86.ActiveCfg = Release|Win32
		{1E002BAF-0DFA-463A-9050-D64B8FCE3A9A}.Release|x86.Build.0 = Release|Win32
		{F34E4BD1-A18F-436D-A22F-703DFE1B2DDF}.Debug|Any CPU.ActiveCfg = Debug|Win32
		{F34E4BD1-A18F-436D-A22F-703DFE1B2DDF}.Debug|x64.ActiveCfg = Debug|x64
		{F34E4BD1-A18F-436D-A22F-703DFE1B2DDF}.Debug|x64.Build.0 = Debug|x64
		{F34E4BD1-A18F-436D-A22F-703DFE1B2DDF}.Debug|x86.ActiveCfg = Debug|Win32
		{F34E4BD1-A18F-436D-A22F-703DFE1B2DDF}.Debug|x86.Build.0 = Debug|Win32
		{F34E4BD1-A18F-436D-A22F-703DFE1B2DDF}.Release|Any CPU.ActiveCfg = Release|Win32
		{F34E4BD1-A18F-436D-A22F-703DFE1B2DDF}.Release|x64.ActiveCfg = Release|x64
		{F34E4BD1-A18F-436D-A22F-703DFE1B2DDF}.Release|x64.Build.0 = Release|x64
		{F34E4BD1-A18F-436D-A22F-703DFE1B2DDF}.Release|x86.ActiveCfg = Release|Win32
		{F34E4BD1-A18F-436D-A22F-703DFE1B2DDF}.Release|x86.Build.0 = Release|Win32
		{7F408F78-0DE3-4957-BD82-967DCBF43AD2}.Debug|Any CPU.ActiveCfg = Debug|Win32
		{7F408F78-0DE3-4957-BD82-967DCBF43AD2}.Debug|x64.ActiveCfg = Debug|x64
		{7F408F78-0DE3-4957-BD82-967DCBF43AD2}.Debug|x64.Build.0 = Debug|x64
		{7F408F78-0DE3-4957-BD82-967DCBF43AD2}.Debug|x86.ActiveCfg = Debug|Win32
		{7F408F78-0DE3-4957-BD82-967DCBF43AD2}.Debug|x86.Build.0 = Debug|Win32
		{7F408F78-0DE3-4957-BD82-967DCBF43AD2}.Release|Any CPU.ActiveCfg = Release|Win32
		{7F408F78-0DE3-4957-BD82-967DCBF43AD2}.Release|x64.ActiveCfg = Release|x64
		{7F408F78-0DE3-4957-BD82-967DCBF43AD2}.Release|x64.Build.0 = Release|x64
		{7F408F78-0DE3-4957-BD82-967DCBF43AD2}.Release|x86.ActiveCfg = Release|Win32
		{7F408F78-0DE3-4957-BD82-967DCBF43AD2}.Release|x86.Build.0 = Release|Win32
		{201A5678-49C9-44D7-B361-7FD284C8F1DF}.Debug|Any CPU.ActiveCfg = Debug|Win32
		{201A5678-49C9-44D7-B361-7FD284C8F1DF}.Debug|x64.ActiveCfg = Debug|x64
		{201A5678-49C9-44D7-B361-7FD284C8F1DF}.Debug|x64.Build.0 = Debug|x64
		{201A5678-49C9-44D7-B361-7FD284C8F1DF}.Debug|x86.ActiveCfg = Debug|Win32
		{201A5678-49C9-44D7-B361-7FD284C8F1DF}.Debug|x86.Build.0 = Debug|Win32
		{201A5678-49C9-44D7-B361-7FD284C8F1DF}.Release|Any CPU.ActiveCfg = Release|Win32
		{201A5678-49C9-44D7-B361-7FD284C8F1DF}.Release|x64.ActiveCfg = Release|x64
		{201A5678-49C9-44D7-B361-7FD284C8F1DF}.Release|x64.Build.0 = Release|x64
		{201A5678-49C9-44D7-B361-7FD284C8F1DF}.Release|x86.ActiveCfg = Release|Win32
		{201A5678-49C9-44D7-B361-7FD284C8F1DF}.Release|x86.Build.0 = Release|Win32
		{3A5295CB-2E74-4AF4-B9CB-53A3E6D77FBA}.Debug|Any CPU.ActiveCfg = Debug|Win32
		{3A5295CB-2E74-4AF4-B9CB-53A3E6D77FBA}.Debug|x64.ActiveCfg = Debug|x64
		{3A5295CB-2E74-4AF4-B9CB-53A3E6D77FBA}.Debug|x64.Build.0 = Debug|x64
		{3A5295CB-2E74-4AF4-B9CB-53A3E6D77FBA}.Debug|x86.ActiveCfg = Debug|Win32
		{3A5295CB-2E74-4AF4-B9CB-53A3E6D77FBA}.Debug|x86.Build.0 = Debug|Win32
		{3A5295CB-2E74-4AF4-B9CB-53A3E6D77FBA}.Release|Any CPU.ActiveCfg = Release|Win32
		{3A5295CB-2E74-4AF4-B9CB-53A3E6D77FBA}.Release|x64.ActiveCfg = Release|x64
		{3A5295CB-2E74-4AF4-B9CB-53A3E6D77FBA}.Release|x64.Build.0 = Release|x64
		{3A5295CB-2E74-4AF4-B9CB-53A3E6D77FBA}.Release|x86.ActiveCfg = Release|Win32
		{3A5295CB-2E74-4AF4-B9CB-53A3E6D77FBA}.Release|x86.Build.0 = Release|Win32
		{D9814A2B-FD4D-417A-9E38-7FB3EBFBC39E}.Debug|Any CPU.ActiveCfg = Debug|Win32
		{D9814A2B-FD4D-417A-9E38-7FB3EBFBC39E}.Debug|x64.ActiveCfg = Debug|x64
		{D9814A2B-FD4D-417A-9E38-7FB3EBFBC39E}.Debug|x64.Build.0 = Debug|x64
		{D9814A2B-FD4D-417A-9E38-7FB3EBFBC39E}.Debug|x86.ActiveCfg = Debug|Win32
		{D9814A2B-FD4D-417A-9E38-7FB3EBFBC39E}.Debug|x86.Build.0 = Debug|Win32
		{D9814A2B-FD4D-417A-9E38-7FB3EBFBC39E}.Release|Any CPU.ActiveCfg = Release|Win32
		{D9814A2B-FD4D-417A-9E38-7FB3EBFBC39E}.Release|x64.ActiveCfg = Release|x64
		{D9814A2B-FD4D-417A-9E38-7FB3EBFBC39E}.Release|x64.Build.0 = Release|x64
		{D9814A2B-FD4D-417A-9E38-7FB3EBFBC39E}.Release|x86.ActiveCfg = Release|Win32
		{D9814A2B-FD4D-417A-9E38-7FB3EBFBC39E}.Release|x86.Build.0 = Release|Win32
		{4E67FAF9-FFF3-4E58-8EE8-A1BE2ECC4AFE}.Debug|Any CPU.ActiveCfg = Debug|Win32
		{4E67FAF9-FFF3-4E58-8EE8-A1BE2ECC4AFE}.Debug|x64.ActiveCfg = Debug|x64
		{4E67FAF9-FFF3-4E58-8EE8-A1BE2ECC4AFE}.Debug|x64.Build.0 = Debug|x64
		{4E67FAF9-FFF3-4E58-8EE8-A1BE2ECC4AFE}.Debug|x86.ActiveCfg = Debug|Win32
		{4E67FAF9-FFF3-4E58-8EE8-A1BE2ECC4AFE}.Debug|x86.Build.0 = Debug|Win32
		{4E67FAF9-FFF3-4E58-8EE8-A1BE2ECC4AFE}.Release|Any CPU.ActiveCfg = Release|Win32
		{4E67FAF9-FFF3-4E58-8EE8-A1BE2ECC4AFE}.Release|x64.ActiveCfg = Release|x64
		{4E67FAF9-FFF3-4E58-8EE8-A1BE2ECC4AFE}.Release|x64.Build.0 = Release|x64
		{4E67FAF9-FFF3-4E58-8EE8-A1BE2ECC4AFE}.Release|x86.ActiveCfg = Release|Win32
		{4E67FAF9-FFF3-4E58-8EE8-A1BE2ECC4AFE}.Release|x86.Build.0 = Release|Win32
		{47D6A4DC-FA87-47CC-B92C-034E7DDD63A8}.Debug|Any CPU.ActiveCfg = Debug|Win32
		{47D6A4DC-FA87-47CC-B92C-034E7DDD63A8}.Debug|x64.ActiveCfg = Debug|x64
		{47D6A4DC-FA87-47CC-B92C-034E7DDD63A8}.Debug|x64.Build.0 = Debug|x64
		{47D6A4DC-FA87-47CC-B92C-034E7DDD63A8}.Debug|x86.ActiveCfg = Debug|Win32
		{47D6A4DC-FA87-47CC-B92C-034E7DDD63A8}.Debug|x86.Build.0 = Debug|Win32
		{47D6A4DC-FA87-47CC-B92C-034E7DDD63A8}.Release|Any CPU.ActiveCfg = Release|Win32
		{47D6A4DC-FA87-47CC-B92C-034E7DDD63A8}.Release|x64.ActiveCfg = Release|x64
		{47D6A4DC-FA87-47CC-B92C-034E7DDD63A8}.Release|x64.Build.0 = Release|x64
		{47D6A4DC-FA87-47CC-B92C-034E7DDD63A8}.Release|x86.ActiveCfg = Release|Win32
		{47D6A4DC-FA87-47CC-B92C-034E7DDD63A8}.Release|x86.Build.0 = Release|Win32
		{434DFFFA-4C5F-4D06-94B8-BB8D54D3A434}.Debug|Any CPU.ActiveCfg = Debug|Win32
		{434DFFFA-4C5F-4D06-94B8-BB8D54D3A434}.Debug|x64.ActiveCfg = Debug|x64
		{434DFFFA-4C5F-4D06-94B8-BB8D54D3A434}.Debug|x64.Build.0 = Debug|x64
		{434DFFFA-4C5F-4D06-94B8-BB8D54D3A434}.Debug|x86.ActiveCfg = Debug|Win32
		{434DFFFA-4C5F-4D06-94B8-BB8D54D3A434}.Debug|x86.Build.0 = Debug|Win32
		{434DFFFA-4C5F-4D06-94B8-BB8D54D3A434}.Release|Any CPU.ActiveCfg = Release|Win32
		{434DFFFA-4C5F-4D06-94B8-BB8D54D3A434}.Release|x64.ActiveCfg = Release|x64
		{434DFFFA-4C5F-4D06-94B8-BB8D54D3A434}.Release|x64.Build.0 = Release|x64
		{434DFFFA-4C5F-4D06-94B8-BB8D54D3A434}.Release|x86.ActiveCfg = Release|Win32
		{434DFFFA-4C5F-4D06-94B8-BB8D54D3A434}.Release|x86.Build.0 = Release|Win32
		{E3F9951F-2B97-4EA5-9244-10B75F45AAD4}.Debug|Any CPU.ActiveCfg = Debug|Win32
		{E3F9951F-2B97-4EA5-9244-10B75F45AAD4}.Debug|x64.ActiveCfg = Debug|x64
		{E3F9951F-2B97-4EA5-9244-10B75F45AAD4}.Debug|x64.Build.0 = Debug|x64
		{E3F9951F-2B97-4EA5-9244-10B75F45AAD4}.Debug|x86.ActiveCfg = Debug|Win32
		{E3F9951F-2B97-4EA5-9244-10B75F45AAD4}.Debug|x86.Build.0 = Debug|Win32
		{E3F9951F-2B97-4EA5-9244-10B75F45AAD4}.Release|Any CPU.ActiveCfg = Release|Win32
		{E3F9951F-2B97-4EA5-9244-10B75F45AAD4}.Release|x64.ActiveCfg = Release|x64
		{E3F9951F-2B97-4EA5-9244-10B75F45AAD4}.Release|x64.Build.0 = Release|x64
		{E3F9951F-2B97-4EA5-9244-10B75F45AAD4}.Release|x86.ActiveCfg = Release|Win32
		{E3F9951F-2B97-4EA5-9244-10B75F45AAD4}.Release|x86.Build.0 = Release|Win32
		{31708EE5-968C-4886-8D7B-975AE47E2EFF}.Debug|Any CPU.ActiveCfg = Debug|Win32
		{31708EE5-968C-4886-8D7B-975AE47E2EFF}.Debug|x64.ActiveCfg = Debug|x64
		{31708EE5-968C-4886-8D7B-975AE47E2EFF}.Debug|x64.Build.0 = Debug|x64
		{31708EE5-968C-4886-8D7B-975AE47E2EFF}.Debug|x86.ActiveCfg = Debug|Win32
		{31708EE5-968C-4886-8D7B-975AE47E2EFF}.Debug|x86.Build.0 = Debug|Win32
		{31708EE5-968C-4886-8D7B-975AE47E2EFF}.Release|Any CPU.ActiveCfg = Release|Win32
		{31708EE5-968C-4886-8D7B-975AE47E2EFF}.Release|x64.ActiveCfg = Release|x64
		{31708EE5-968C-4886-8D7B-975AE47E2EFF}.Release|x64.Build.0 = Release|x64
		{31708EE5-968C-4886-8D7B-975AE47E2EFF}.Release|x86.ActiveCfg = Release|Win32
		{31708EE5-968C-4886-8D7B-975AE47E2EFF}.Release|x86.Build.0 = Release|Win32
		{6A9D7A84-BF1A-423C-943E-D4DE24236521}.Debug|Any CPU.ActiveCfg = Debug|Win32
		{6A9D7A84-BF1A-423C-943E-D4DE24236521}.Debug|x64.ActiveCfg = Debug|x64
		{6A9D7A84-BF1A-423C-943E-D4DE24236521}.Debug|x64.Build.0 = Debug|x64
		{6A9D7A84-BF1A-423C-943E-D4DE24236521}.Debug|x86.ActiveCfg = Debug|Win32
		{6A9D7A84-BF1A-423C-943E-D4DE24236521}.Debug|x86.Build.0 = Debug|Win32
		{6A9D7A84-BF1A-423C-943E-D4DE24236521}.Release|Any CPU.ActiveCfg = Release|Win32
		{6A9D7A84-BF1A-423C-943E-D4DE24236521}.Release|x64.ActiveCfg = Release|x64
		{6A9D7A84-BF1A-423C-943E-D4DE24236521}.Release|x64.Build.0 = Release|x64
		{6A9D7A84-BF1A-423C-943E-D4DE24236521}.Release|x86.ActiveCfg = Release|Win32
		{6A9D7A84-BF1A-423C-943E-D4DE24236521}.Release|x86.Build.0 = Release|Win32
		{9260A62B-95FD-40E1-9EBB-432BA6BA605C}.Debug|Any CPU.ActiveCfg = Debug|Win32
		{9260A62B-95FD-40E1-9EBB-432BA6BA605C}.Debug|x64.ActiveCfg = Debug|x64
		{9260A62B-95FD-40E1-9EBB-432BA6BA605C}.Debug|x64.Build.0 = Debug|x64
		{9260A62B-95FD-40E1-9EBB-432BA6BA605C}.Debug|x86.ActiveCfg = Debug|Win32
		{9260A62B-95FD-40E1-9EBB-432BA6BA605C}.Debug|x86.Build.0 = Debug|Win32
		{9260A62B-95FD-40E1-9EBB-432BA6BA605C}.Release|Any CPU.ActiveCfg = Release|Win32
		{9260A62B-95FD-40E1-9EBB-432BA6BA605C}.Release|x64.ActiveCfg = Release|x64
		{9260A62B-95FD-40E1-9EBB-432BA6BA605C}.Release|x64.Build.0 = Release|x64
		{9260A62B-95FD-40E1-9EBB-432BA6BA605C}.Release|x86.ActiveCfg = Release|Win32
		{9260A62B-95FD-40E1-9EBB-432BA6BA605C}.Release|x86.Build.0 = Release|Win32
		{C0BF148D-31AA-485E-996E-3C6D0E8C5BFC}.Debug|Any CPU.ActiveCfg = Debug|Win32
		{C0BF148D-31AA-485E-996E-3C6D0E8C5BFC}.Debug|x64.ActiveCfg = Debug|x64
		{C0BF148D-31AA-485E-996E-3C6D0E8C5BFC}.Debug|x64.Build.0 = Debug|x64
		{C0BF148D-31AA-485E-996E-3C6D0E8C5BFC}.Debug|x86.ActiveCfg = Debug|Win32
		{C0BF148D-31AA-485E-996E-3C6D0E8C5BFC}.Debug|x86.Build.0 = Debug|Win32
		{C0BF148D-31AA-485E-996E-3C6D0E8C5BFC}.Release|Any CPU.ActiveCfg = Release|Win32
		{C0BF148D-31AA-485E-996E-3C6D0E8C5BFC}.Release|x64.ActiveCfg = Release|x64
		{C0BF148D-31AA-485E-996E-3C6D0E8C5BFC}.Release|x64.Build.0 = Release|x64
		{C0BF148D-31AA-485E-996E-3C6D0E8C5BFC}.Release|x86.ActiveCfg = Release|Win32
		{C0BF148D-31AA-485E-996E-3C6D0E8C5BFC}.Release|x86.Build.0 = Release|Win32
		{51076713-A340-4638-9574-853661007E71}.Debug|Any CPU.ActiveCfg = Debug|Win32
		{51076713-A340-4638-9574-853661007E71}.Debug|x64.ActiveCfg = Debug|x64
		{51076713-A340-4638-9574-853661007E71}.Debug|x64.Build.0 = Debug|x64
		{51076713-A340-4638-9574-853661007E71}.Debug|x86.ActiveCfg = Debug|Win32
		{51076713-A340-4638-9574-853661007E71}.Debug|x86.Build.0 = Debug|Win32
		{51076713-A340-4638-9574-853661007E71}.Release|Any CPU.ActiveCfg = Release|Win32
		{51076713-A340-4638-9574-853661007E71}.Release|x64.ActiveCfg = Release|x64
		{51076713-A340-4638-9574-853661007E71}.Release|x64.Build.0 = Release|x64
		{51076713-A340-4638-9574-853661007E71}.Release|x86.ActiveCfg = Release|Win32
		{51076713-A340-4638-9574-853661007E71}.Release|x86.Build.0 = Release|Win32
	EndGlobalSection
	GlobalSection(SolutionProperties) = preSolution
		HideSolutionNode = FALSE
	EndGlobalSection
EndGlobal
